// !$*UTF8*$!
{
	archiveVersion = 1;
	classes = {
	};
	objectVersion = 50;
	objects = {

/* Begin PBXBuildFile section */
		4805CA3725E3F1C1001905CD /* FruitNutrientsView.swift in Sources */ = {isa = PBXBuildFile; fileRef = 4805CA3625E3F1C0001905CD /* FruitNutrientsView.swift */; };
		4805CA3A25E5897E001905CD /* SettingsView.swift in Sources */ = {isa = PBXBuildFile; fileRef = 4805CA3925E5897E001905CD /* SettingsView.swift */; };
		4819391F25CFE8900025572D /* FruitCardView.swift in Sources */ = {isa = PBXBuildFile; fileRef = 4819391E25CFE8900025572D /* FruitCardView.swift */; };
		4819392225CFF60E0025572D /* StartButtonView.swift in Sources */ = {isa = PBXBuildFile; fileRef = 4819392125CFF60E0025572D /* StartButtonView.swift */; };
		4819392525CFFD2B0025572D /* OnBoardingView.swift in Sources */ = {isa = PBXBuildFile; fileRef = 4819392425CFFD2B0025572D /* OnBoardingView.swift */; };
		4819392925D00B850025572D /* FruitModel.swift in Sources */ = {isa = PBXBuildFile; fileRef = 4819392825D00B850025572D /* FruitModel.swift */; };
		4819392D25D00CC20025572D /* FruitData.swift in Sources */ = {isa = PBXBuildFile; fileRef = 4819392C25D00CC20025572D /* FruitData.swift */; };
		485D31EE25E02B9100A1DDC7 /* FruitRowView.swift in Sources */ = {isa = PBXBuildFile; fileRef = 485D31ED25E02B9100A1DDC7 /* FruitRowView.swift */; };
		485D31F125E0459B00A1DDC7 /* FruitDetailView.swift in Sources */ = {isa = PBXBuildFile; fileRef = 485D31F025E0459B00A1DDC7 /* FruitDetailView.swift */; };
		485D31F425E04C4700A1DDC7 /* fruitHeaderView.swift in Sources */ = {isa = PBXBuildFile; fileRef = 485D31F325E04C4700A1DDC7 /* fruitHeaderView.swift */; };
		485D31F725E0549600A1DDC7 /* SourceLinkView.swift in Sources */ = {isa = PBXBuildFile; fileRef = 485D31F625E0549600A1DDC7 /* SourceLinkView.swift */; };
		487458CA25CDC57C00F362E0 /* FruitPediaApp.swift in Sources */ = {isa = PBXBuildFile; fileRef = 487458C925CDC57C00F362E0 /* FruitPediaApp.swift */; };
		487458CC25CDC57C00F362E0 /* ContentView.swift in Sources */ = {isa = PBXBuildFile; fileRef = 487458CB25CDC57C00F362E0 /* ContentView.swift */; };
		487458CE25CDC57E00F362E0 /* Assets.xcassets in Resources */ = {isa = PBXBuildFile; fileRef = 487458CD25CDC57E00F362E0 /* Assets.xcassets */; };
		487458D125CDC57E00F362E0 /* Preview Assets.xcassets in Resources */ = {isa = PBXBuildFile; fileRef = 487458D025CDC57E00F362E0 /* Preview Assets.xcassets */; };
/* End PBXBuildFile section */

/* Begin PBXFileReference section */
		4805CA3625E3F1C0001905CD /* FruitNutrientsView.swift */ = {isa = PBXFileReference; lastKnownFileType = sourcecode.swift; path = FruitNutrientsView.swift; sourceTree = "<group>"; };
		4805CA3925E5897E001905CD /* SettingsView.swift */ = {isa = PBXFileReference; lastKnownFileType = sourcecode.swift; path = SettingsView.swift; sourceTree = "<group>"; };
		4819391E25CFE8900025572D /* FruitCardView.swift */ = {isa = PBXFileReference; lastKnownFileType = sourcecode.swift; path = FruitCardView.swift; sourceTree = "<group>"; };
		4819392125CFF60E0025572D /* StartButtonView.swift */ = {isa = PBXFileReference; lastKnownFileType = sourcecode.swift; path = StartButtonView.swift; sourceTree = "<group>"; };
		4819392425CFFD2B0025572D /* OnBoardingView.swift */ = {isa = PBXFileReference; lastKnownFileType = sourcecode.swift; path = OnBoardingView.swift; sourceTree = "<group>"; };
		4819392825D00B850025572D /* FruitModel.swift */ = {isa = PBXFileReference; lastKnownFileType = sourcecode.swift; path = FruitModel.swift; sourceTree = "<group>"; };
		4819392C25D00CC20025572D /* FruitData.swift */ = {isa = PBXFileReference; lastKnownFileType = sourcecode.swift; path = FruitData.swift; sourceTree = "<group>"; };
		485D31ED25E02B9100A1DDC7 /* FruitRowView.swift */ = {isa = PBXFileReference; lastKnownFileType = sourcecode.swift; path = FruitRowView.swift; sourceTree = "<group>"; };
		485D31F025E0459B00A1DDC7 /* FruitDetailView.swift */ = {isa = PBXFileReference; lastKnownFileType = sourcecode.swift; path = FruitDetailView.swift; sourceTree = "<group>"; };
		485D31F325E04C4700A1DDC7 /* fruitHeaderView.swift */ = {isa = PBXFileReference; lastKnownFileType = sourcecode.swift; path = fruitHeaderView.swift; sourceTree = "<group>"; };
		485D31F625E0549600A1DDC7 /* SourceLinkView.swift */ = {isa = PBXFileReference; lastKnownFileType = sourcecode.swift; path = SourceLinkView.swift; sourceTree = "<group>"; };
		487458C625CDC57C00F362E0 /* FruitPedia.app */ = {isa = PBXFileReference; explicitFileType = wrapper.application; includeInIndex = 0; path = FruitPedia.app; sourceTree = BUILT_PRODUCTS_DIR; };
		487458C925CDC57C00F362E0 /* FruitPediaApp.swift */ = {isa = PBXFileReference; lastKnownFileType = sourcecode.swift; path = FruitPediaApp.swift; sourceTree = "<group>"; };
		487458CB25CDC57C00F362E0 /* ContentView.swift */ = {isa = PBXFileReference; lastKnownFileType = sourcecode.swift; path = ContentView.swift; sourceTree = "<group>"; };
		487458CD25CDC57E00F362E0 /* Assets.xcassets */ = {isa = PBXFileReference; lastKnownFileType = folder.assetcatalog; path = Assets.xcassets; sourceTree = "<group>"; };
		487458D025CDC57E00F362E0 /* Preview Assets.xcassets */ = {isa = PBXFileReference; lastKnownFileType = folder.assetcatalog; path = "Preview Assets.xcassets"; sourceTree = "<group>"; };
		487458D225CDC57E00F362E0 /* Info.plist */ = {isa = PBXFileReference; lastKnownFileType = text.plist.xml; path = Info.plist; sourceTree = "<group>"; };
/* End PBXFileReference section */

/* Begin PBXFrameworksBuildPhase section */
		487458C325CDC57C00F362E0 /* Frameworks */ = {
			isa = PBXFrameworksBuildPhase;
			buildActionMask = 2147483647;
			files = (
			);
			runOnlyForDeploymentPostprocessing = 0;
		};
/* End PBXFrameworksBuildPhase section */

/* Begin PBXGroup section */
		4819391C25CFE81E0025572D /* App */ = {
			isa = PBXGroup;
			children = (
				487458C925CDC57C00F362E0 /* FruitPediaApp.swift */,
				487458CB25CDC57C00F362E0 /* ContentView.swift */,
				4819392425CFFD2B0025572D /* OnBoardingView.swift */,
				485D31F025E0459B00A1DDC7 /* FruitDetailView.swift */,
				4805CA3925E5897E001905CD /* SettingsView.swift */,
			);
			path = App;
			sourceTree = "<group>";
		};
		4819391D25CFE8610025572D /* View */ = {
			isa = PBXGroup;
			children = (
				4819391E25CFE8900025572D /* FruitCardView.swift */,
				4819392125CFF60E0025572D /* StartButtonView.swift */,
				485D31ED25E02B9100A1DDC7 /* FruitRowView.swift */,
				485D31F325E04C4700A1DDC7 /* fruitHeaderView.swift */,
				485D31F625E0549600A1DDC7 /* SourceLinkView.swift */,
				4805CA3625E3F1C0001905CD /* FruitNutrientsView.swift */,
			);
			path = View;
			sourceTree = "<group>";
		};
		4819392725D00B5A0025572D /* Model */ = {
			isa = PBXGroup;
			children = (
				4819392825D00B850025572D /* FruitModel.swift */,
			);
			path = Model;
			sourceTree = "<group>";
		};
		4819392B25D00CB00025572D /* Data */ = {
			isa = PBXGroup;
			children = (
				4819392C25D00CC20025572D /* FruitData.swift */,
			);
			path = Data;
			sourceTree = "<group>";
		};
		487458BD25CDC57C00F362E0 = {
			isa = PBXGroup;
			children = (
				487458C825CDC57C00F362E0 /* FruitPedia */,
				487458C725CDC57C00F362E0 /* Products */,
			);
			sourceTree = "<group>";
		};
		487458C725CDC57C00F362E0 /* Products */ = {
			isa = PBXGroup;
			children = (
				487458C625CDC57C00F362E0 /* FruitPedia.app */,
			);
			name = Products;
			sourceTree = "<group>";
		};
		487458C825CDC57C00F362E0 /* FruitPedia */ = {
			isa = PBXGroup;
			children = (
				4819392B25D00CB00025572D /* Data */,
				4819392725D00B5A0025572D /* Model */,
				4819391D25CFE8610025572D /* View */,
				4819391C25CFE81E0025572D /* App */,
				487458CD25CDC57E00F362E0 /* Assets.xcassets */,
				487458D225CDC57E00F362E0 /* Info.plist */,
				487458CF25CDC57E00F362E0 /* Preview Content */,
			);
			path = FruitPedia;
			sourceTree = "<group>";
		};
		487458CF25CDC57E00F362E0 /* Preview Content */ = {
			isa = PBXGroup;
			children = (
				487458D025CDC57E00F362E0 /* Preview Assets.xcassets */,
			);
			path = "Preview Content";
			sourceTree = "<group>";
		};
/* End PBXGroup section */

/* Begin PBXNativeTarget section */
		487458C525CDC57C00F362E0 /* FruitPedia */ = {
			isa = PBXNativeTarget;
			buildConfigurationList = 487458D525CDC57E00F362E0 /* Build configuration list for PBXNativeTarget "FruitPedia" */;
			buildPhases = (
				487458C225CDC57C00F362E0 /* Sources */,
				487458C325CDC57C00F362E0 /* Frameworks */,
				487458C425CDC57C00F362E0 /* Resources */,
			);
			buildRules = (
			);
			dependencies = (
			);
			name = FruitPedia;
			productName = FruitPedia;
			productReference = 487458C625CDC57C00F362E0 /* FruitPedia.app */;
			productType = "com.apple.product-type.application";
		};
/* End PBXNativeTarget section */

/* Begin PBXProject section */
		487458BE25CDC57C00F362E0 /* Project object */ = {
			isa = PBXProject;
			attributes = {
				LastSwiftUpdateCheck = 1230;
				LastUpgradeCheck = 1230;
				TargetAttributes = {
					487458C525CDC57C00F362E0 = {
						CreatedOnToolsVersion = 12.3;
					};
				};
			};
			buildConfigurationList = 487458C125CDC57C00F362E0 /* Build configuration list for PBXProject "FruitPedia" */;
			compatibilityVersion = "Xcode 9.3";
			developmentRegion = en;
			hasScannedForEncodings = 0;
			knownRegions = (
				en,
				Base,
			);
			mainGroup = 487458BD25CDC57C00F362E0;
			productRefGroup = 487458C725CDC57C00F362E0 /* Products */;
			projectDirPath = "";
			projectRoot = "";
			targets = (
				487458C525CDC57C00F362E0 /* FruitPedia */,
			);
		};
/* End PBXProject section */

/* Begin PBXResourcesBuildPhase section */
		487458C425CDC57C00F362E0 /* Resources */ = {
			isa = PBXResourcesBuildPhase;
			buildActionMask = 2147483647;
			files = (
				487458D125CDC57E00F362E0 /* Preview Assets.xcassets in Resources */,
				487458CE25CDC57E00F362E0 /* Assets.xcassets in Resources */,
			);
			runOnlyForDeploymentPostprocessing = 0;
		};
/* End PBXResourcesBuildPhase section */

/* Begin PBXSourcesBuildPhase section */
		487458C225CDC57C00F362E0 /* Sources */ = {
			isa = PBXSourcesBuildPhase;
			buildActionMask = 2147483647;
			files = (
				4819392D25D00CC20025572D /* FruitData.swift in Sources */,
				485D31F725E0549600A1DDC7 /* SourceLinkView.swift in Sources */,
				4819391F25CFE8900025572D /* FruitCardView.swift in Sources */,
				485D31EE25E02B9100A1DDC7 /* FruitRowView.swift in Sources */,
				4805CA3725E3F1C1001905CD /* FruitNutrientsView.swift in Sources */,
				4819392225CFF60E0025572D /* StartButtonView.swift in Sources */,
				485D31F125E0459B00A1DDC7 /* FruitDetailView.swift in Sources */,
				487458CC25CDC57C00F362E0 /* ContentView.swift in Sources */,
				4819392525CFFD2B0025572D /* OnBoardingView.swift in Sources */,
				4819392925D00B850025572D /* FruitModel.swift in Sources */,
				485D31F425E04C4700A1DDC7 /* fruitHeaderView.swift in Sources */,
				487458CA25CDC57C00F362E0 /* FruitPediaApp.swift in Sources */,
				4805CA3A25E5897E001905CD /* SettingsView.swift in Sources */,
			);
			runOnlyForDeploymentPostprocessing = 0;
		};
/* End PBXSourcesBuildPhase section */

/* Begin XCBuildConfiguration section */
		487458D325CDC57E00F362E0 /* Debug */ = {
			isa = XCBuildConfiguration;
			buildSettings = {
				ALWAYS_SEARCH_USER_PATHS = NO;
				CLANG_ANALYZER_NONNULL = YES;
				CLANG_ANALYZER_NUMBER_OBJECT_CONVERSION = YES_AGGRESSIVE;
				CLANG_CXX_LANGUAGE_STANDARD = "gnu++14";
				CLANG_CXX_LIBRARY = "libc++";
				CLANG_ENABLE_MODULES = YES;
				CLANG_ENABLE_OBJC_ARC = YES;
				CLANG_ENABLE_OBJC_WEAK = YES;
				CLANG_WARN_BLOCK_CAPTURE_AUTORELEASING = YES;
				CLANG_WARN_BOOL_CONVERSION = YES;
				CLANG_WARN_COMMA = YES;
				CLANG_WARN_CONSTANT_CONVERSION = YES;
				CLANG_WARN_DEPRECATED_OBJC_IMPLEMENTATIONS = YES;
				CLANG_WARN_DIRECT_OBJC_ISA_USAGE = YES_ERROR;
				CLANG_WARN_DOCUMENTATION_COMMENTS = YES;
				CLANG_WARN_EMPTY_BODY = YES;
				CLANG_WARN_ENUM_CONVERSION = YES;
				CLANG_WARN_INFINITE_RECURSION = YES;
				CLANG_WARN_INT_CONVERSION = YES;
				CLANG_WARN_NON_LITERAL_NULL_CONVERSION = YES;
				CLANG_WARN_OBJC_IMPLICIT_RETAIN_SELF = YES;
				CLANG_WARN_OBJC_LITERAL_CONVERSION = YES;
				CLANG_WARN_OBJC_ROOT_CLASS = YES_ERROR;
				CLANG_WARN_QUOTED_INCLUDE_IN_FRAMEWORK_HEADER = YES;
				CLANG_WARN_RANGE_LOOP_ANALYSIS = YES;
				CLANG_WARN_STRICT_PROTOTYPES = YES;
				CLANG_WARN_SUSPICIOUS_MOVE = YES;
				CLANG_WARN_UNGUARDED_AVAILABILITY = YES_AGGRESSIVE;
				CLANG_WARN_UNREACHABLE_CODE = YES;
				CLANG_WARN__DUPLICATE_METHOD_MATCH = YES;
				COPY_PHASE_STRIP = NO;
				DEBUG_INFORMATION_FORMAT = dwarf;
				ENABLE_STRICT_OBJC_MSGSEND = YES;
				ENABLE_TESTABILITY = YES;
				GCC_C_LANGUAGE_STANDARD = gnu11;
				GCC_DYNAMIC_NO_PIC = NO;
				GCC_NO_COMMON_BLOCKS = YES;
				GCC_OPTIMIZATION_LEVEL = 0;
				GCC_PREPROCESSOR_DEFINITIONS = (
					"DEBUG=1",
					"$(inherited)",
				);
				GCC_WARN_64_TO_32_BIT_CONVERSION = YES;
				GCC_WARN_ABOUT_RETURN_TYPE = YES_ERROR;
				GCC_WARN_UNDECLARED_SELECTOR = YES;
				GCC_WARN_UNINITIALIZED_AUTOS = YES_AGGRESSIVE;
				GCC_WARN_UNUSED_FUNCTION = YES;
				GCC_WARN_UNUSED_VARIABLE = YES;
				IPHONEOS_DEPLOYMENT_TARGET = 14.3;
				MTL_ENABLE_DEBUG_INFO = INCLUDE_SOURCE;
				MTL_FAST_MATH = YES;
				ONLY_ACTIVE_ARCH = YES;
				SDKROOT = iphoneos;
				SWIFT_ACTIVE_COMPILATION_CONDITIONS = DEBUG;
				SWIFT_OPTIMIZATION_LEVEL = "-Onone";
			};
			name = Debug;
		};
		487458D425CDC57E00F362E0 /* Release */ = {
			isa = XCBuildConfiguration;
			buildSettings = {
				ALWAYS_SEARCH_USER_PATHS = NO;
				CLANG_ANALYZER_NONNULL = YES;
				CLANG_ANALYZER_NUMBER_OBJECT_CONVERSION = YES_AGGRESSIVE;
				CLANG_CXX_LANGUAGE_STANDARD = "gnu++14";
				CLANG_CXX_LIBRARY = "libc++";
				CLANG_ENABLE_MODULES = YES;
				CLANG_ENABLE_OBJC_ARC = YES;
				CLANG_ENABLE_OBJC_WEAK = YES;
				CLANG_WARN_BLOCK_CAPTURE_AUTORELEASING = YES;
				CLANG_WARN_BOOL_CONVERSION = YES;
				CLANG_WARN_COMMA = YES;
				CLANG_WARN_CONSTANT_CONVERSION = YES;
				CLANG_WARN_DEPRECATED_OBJC_IMPLEMENTATIONS = YES;
				CLANG_WARN_DIRECT_OBJC_ISA_USAGE = YES_ERROR;
				CLANG_WARN_DOCUMENTATION_COMMENTS = YES;
				CLANG_WARN_EMPTY_BODY = YES;
				CLANG_WARN_ENUM_CONVERSION = YES;
				CLANG_WARN_INFINITE_RECURSION = YES;
				CLANG_WARN_INT_CONVERSION = YES;
				CLANG_WARN_NON_LITERAL_NULL_CONVERSION = YES;
				CLANG_WARN_OBJC_IMPLICIT_RETAIN_SELF = YES;
				CLANG_WARN_OBJC_LITERAL_CONVERSION = YES;
				CLANG_WARN_OBJC_ROOT_CLASS = YES_ERROR;
				CLANG_WARN_QUOTED_INCLUDE_IN_FRAMEWORK_HEADER = YES;
				CLANG_WARN_RANGE_LOOP_ANALYSIS = YES;
				CLANG_WARN_STRICT_PROTOTYPES = YES;
				CLANG_WARN_SUSPICIOUS_MOVE = YES;
				CLANG_WARN_UNGUARDED_AVAILABILITY = YES_AGGRESSIVE;
				CLANG_WARN_UNREACHABLE_CODE = YES;
				CLANG_WARN__DUPLICATE_METHOD_MATCH = YES;
				COPY_PHASE_STRIP = NO;
				DEBUG_INFORMATION_FORMAT = "dwarf-with-dsym";
				ENABLE_NS_ASSERTIONS = NO;
				ENABLE_STRICT_OBJC_MSGSEND = YES;
				GCC_C_LANGUAGE_STANDARD = gnu11;
				GCC_NO_COMMON_BLOCKS = YES;
				GCC_WARN_64_TO_32_BIT_CONVERSION = YES;
				GCC_WARN_ABOUT_RETURN_TYPE = YES_ERROR;
				GCC_WARN_UNDECLARED_SELECTOR = YES;
				GCC_WARN_UNINITIALIZED_AUTOS = YES_AGGRESSIVE;
				GCC_WARN_UNUSED_FUNCTION = YES;
				GCC_WARN_UNUSED_VARIABLE = YES;
				IPHONEOS_DEPLOYMENT_TARGET = 14.3;
				MTL_ENABLE_DEBUG_INFO = NO;
				MTL_FAST_MATH = YES;
				SDKROOT = iphoneos;
				SWIFT_COMPILATION_MODE = wholemodule;
				SWIFT_OPTIMIZATION_LEVEL = "-O";
				VALIDATE_PRODUCT = YES;
			};
			name = Release;
		};
		487458D625CDC57E00F362E0 /* Debug */ = {
			isa = XCBuildConfiguration;
			buildSettings = {
				ASSETCATALOG_COMPILER_APPICON_NAME = AppIcon;
				ASSETCATALOG_COMPILER_GLOBAL_ACCENT_COLOR_NAME = AccentColor;
				CODE_SIGN_STYLE = Automatic;
				DEVELOPMENT_ASSET_PATHS = "\"FruitPedia/Preview Content\"";
				DEVELOPMENT_TEAM = HKW949FKD7;
				ENABLE_PREVIEWS = YES;
				INFOPLIST_FILE = FruitPedia/Info.plist;
				IPHONEOS_DEPLOYMENT_TARGET = 14.0;
				LD_RUNPATH_SEARCH_PATHS = (
					"$(inherited)",
					"@executable_path/Frameworks",
				);
				PRODUCT_BUNDLE_IDENTIFIER = com.aayushsaini.FruitPedia;
				PRODUCT_NAME = "$(TARGET_NAME)";
				SWIFT_VERSION = 5.0;
				TARGETED_DEVICE_FAMILY = "1,2";
			};
			name = Debug;
		};
		487458D725CDC57E00F362E0 /* Release */ = {
			isa = XCBuildConfiguration;
			buildSettings = {
				ASSETCATALOG_COMPILER_APPICON_NAME = AppIcon;
				ASSETCATALOG_COMPILER_GLOBAL_ACCENT_COLOR_NAME = AccentColor;
				CODE_SIGN_STYLE = Automatic;
				DEVELOPMENT_ASSET_PATHS = "\"FruitPedia/Preview Content\"";
				DEVELOPMENT_TEAM = HKW949FKD7;
				ENABLE_PREVIEWS = YES;
				INFOPLIST_FILE = FruitPedia/Info.plist;
				IPHONEOS_DEPLOYMENT_TARGET = 14.0;
				LD_RUNPATH_SEARCH_PATHS = (
					"$(inherited)",
					"@executable_path/Frameworks",
				);
				PRODUCT_BUNDLE_IDENTIFIER = com.aayushsaini.FruitPedia;
				PRODUCT_NAME = "$(TARGET_NAME)";
				SWIFT_VERSION = 5.0;
				TARGETED_DEVICE_FAMILY = "1,2";
			};
			name = Release;
		};
/* End XCBuildConfiguration section */

/* Begin XCConfigurationList section */
		487458C125CDC57C00F362E0 /* Build configuration list for PBXProject "FruitPedia" */ = {
			isa = XCConfigurationList;
			buildConfigurations = (
				487458D325CDC57E00F362E0 /* Debug */,
				487458D425CDC57E00F362E0 /* Release */,
			);
			defaultConfigurationIsVisible = 0;
			defaultConfigurationName = Release;
		};
		487458D525CDC57E00F362E0 /* Build configuration list for PBXNativeTarget "FruitPedia" */ = {
			isa = XCConfigurationList;
			buildConfigurations = (
				487458D625CDC57E00F362E0 /* Debug */,
				487458D725CDC57E00F362E0 /* Release */,
			);
			defaultConfigurationIsVisible = 0;
			defaultConfigurationName = Release;
		};
/* End XCConfigurationList section */
	};
	rootObject = 487458BE25CDC57C00F362E0 /* Project object */;
}
